
Microsoft Visual Studio Solution File, Format Version 12.00
# Visual Studio Version 17
VisualStudioVersion = 17.0.32014.148
MinimumVisualStudioVersion = 10.0.40219.1
Project("{FAE04EC0-301F-11D3-BF4B-00C04F79EFBC}") = "GrayCode", "GrayCode\GrayCode.csproj", "{F8054FB2-F3CD-4407-B4FE-8C1FDF3111CA}"
EndProject
Global
	GlobalSection(SolutionConfigurationPlatforms) = preSolution
		Debug|Any CPU = Debug|Any CPU
		Release|Any CPU = Release|Any CPU
	EndGlobalSection
	GlobalSection(ProjectConfigurationPlatforms) = postSolution
		{F8054FB2-F3CD-4407-B4FE-8C1FDF3111CA}.Debug|Any CPU.ActiveCfg = Debug|Any CPU
		{F8054FB2-F3CD-4407-B4FE-8C1FDF3111CA}.Debug|Any CPU.Build.0 = Debug|Any CPU
		{F8054FB2-F3CD-4407-B4FE-8C1FDF3111CA}.Release|Any CPU.ActiveCfg = Release|Any CPU
		{F8054FB2-F3CD-4407-B4FE-8C1FDF3111CA}.Release|Any CPU.Build.0 = Release|Any CPU
	EndGlobalSection
	GlobalSection(SolutionProperties) = preSolution
		HideSolutionNode = FALSE
	EndGlobalSection
	GlobalSection(ExtensibilityGlobals) = postSolution
		SolutionGuid = {86B5F572-CA6A-4CA6-9C03-23D91E615BD1}
	EndGlobalSection
EndGlobal
