
Microsoft Visual Studio Solution File, Format Version 12.00
# Visual Studio Version 17
VisualStudioVersion = 17.0.32014.148
MinimumVisualStudioVersion = 10.0.40219.1
Project("{FAE04EC0-301F-11D3-BF4B-00C04F79EFBC}") = "TwoSum", "TwoSum\TwoSum.csproj", "{717BD8D1-9054-4B22-A4F5-16BF089BC1CF}"
EndProject
Global
	GlobalSection(SolutionConfigurationPlatforms) = preSolution
		Debug|Any CPU = Debug|Any CPU
		Release|Any CPU = Release|Any CPU
	EndGlobalSection
	GlobalSection(ProjectConfigurationPlatforms) = postSolution
		{717BD8D1-9054-4B22-A4F5-16BF089BC1CF}.Debug|Any CPU.ActiveCfg = Debug|Any CPU
		{717BD8D1-9054-4B22-A4F5-16BF089BC1CF}.Debug|Any CPU.Build.0 = Debug|Any CPU
		{717BD8D1-9054-4B22-A4F5-16BF089BC1CF}.Release|Any CPU.ActiveCfg = Release|Any CPU
		{717BD8D1-9054-4B22-A4F5-16BF089BC1CF}.Release|Any CPU.Build.0 = Release|Any CPU
	EndGlobalSection
	GlobalSection(SolutionProperties) = preSolution
		HideSolutionNode = FALSE
	EndGlobalSection
	GlobalSection(ExtensibilityGlobals) = postSolution
		SolutionGuid = {E6BBD98D-9072-4868-A48D-0CFE68F5FBAA}
	EndGlobalSection
EndGlobal
